{
    "_meta": {
        "hash": {
            "sha256": "f423bce4ea4dd153e0acea3ed41b729198d0ab39a01734f18244017148df6d1c"
        },
        "pipfile-spec": 6,
        "requires": {
            "python_version": "3.11"
        },
        "sources": [
            {
                "name": "pypi",
                "url": "https://pypi.org/simple",
                "verify_ssl": true
            }
        ]
    },
    "default": {
        "click": {
            "hashes": [
                "sha256:63c132bbbed01578a06712a2d1f497bb62d9c1c0d329b7903a866228027263b2",
                "sha256:ed53c9d8990d83c2a27deae68e4ee337473f6330c040a31d4225c9574d16096a"
            ],
            "markers": "python_version >= '3.7'",
            "version": "==8.1.8"
        },
        "dnspython": {
            "hashes": [
                "sha256:b4c34b7d10b51bcc3a5071e7b8dee77939f1e878477eeecc965e9835f63c6c86",
                "sha256:ce9c432eda0dc91cf618a5cedf1a4e142651196bbcd2c80e89ed5a907e5cfaf1"
            ],
            "markers": "python_version >= '3.9'",
            "version": "==2.7.0"
        },
        "fastapi": {
            "hashes": [
                "sha256:478b7e0cbb52c9913b9903d88ae14195cb8a479c4596e0b2f2238d317840a7dc",
                "sha256:7619282fbce0ec53c7dfa3fa262280c00ace9f6d772cfd06e4ab219dce66985e"
            ],
            "index": "pypi",
            "markers": "python_version >= '3.6'",
            "version": "==0.65.1"
        },
        "h11": {
            "hashes": [
                "sha256:8f19fbbe99e72420ff35c00b27a34cb9937e902a8b810e2c88300c6f0a3b699d",
                "sha256:e3fe4ac4b851c468cc8363d500db52c2ead036020723024a109d37346efaa761"
            ],
            "markers": "python_version >= '3.7'",
            "version": "==0.14.0"
        },
        "motor": {
            "hashes": [
                "sha256:0dfa1f12c812bd90819c519b78bed626b5a9dbb29bba079ccff2bfa8627e0fec",
                "sha256:61bdf1afded179f008d423f98066348157686f25a90776ea155db5f47f57d605"
            ],
            "index": "pypi",
            "markers": "python_version >= '3.9'",
            "version": "==3.7.0"
        },
        "pydantic": {
            "hashes": [
                "sha256:0067935d35044950be781933ab91b9a708eaff124bf860fa2f70aeb1c4be7212",
                "sha256:08caa8c0468172d27c669abfe9e7d96a8b1655ec0833753e117061febaaadef5",
                "sha256:0bb58bbe65a43483d49f66b6c8474424d551a3fbe8a7796c42da314bac712738",
                "sha256:185d5f1dff1fead51766da9b2de4f3dc3b8fca39e59383c273f34a6ae254e3e2",
                "sha256:1d7c332685eafacb64a1a7645b409a166eb7537f23142d26895746f628a3149b",
                "sha256:245e486e0fec53ec2366df9cf1cba36e0bbf066af7cd9c974bbbd9ba10e1e586",
                "sha256:266ecfc384861d7b0b9c214788ddff75a2ea123aa756bcca6b2a1175edeca0fe",
                "sha256:298d6f765e3c9825dfa78f24c1efd29af91c3ab1b763e1fd26ae4d9e1749e5c8",
                "sha256:2b6a04efdcd25486b27f24c1648d5adc1633ad8b4506d0e96e5367f075ed2e0b",
                "sha256:2c9b782db6f993a36092480eeaab8ba0609f786041b01f39c7c52252bda6d85f",
                "sha256:2ed4a5f13cf160d64aa331ab9017af81f3481cd9fd0e49f1d707b57fe1b9f3ae",
                "sha256:35b263b60c519354afb3a60107d20470dd5250b3ce54c08753f6975c406d949b",
                "sha256:36ceadef055af06e7756eb4b871cdc9e5a27bdc06a45c820cd94b443de019bbf",
                "sha256:38e6d35cf7cd1727822c79e324fa0677e1a08c88a34f56695101f5ad4d5e20e5",
                "sha256:3b7693bb6ed3fbe250e222f9415abb73111bb09b73ab90d2d4d53f6390e0ccc1",
                "sha256:3c96fed246ccc1acb2df032ff642459e4ae18b315ecbab4d95c95cfa292e8517",
                "sha256:46cffa24891b06269e12f7e1ec50b73f0c9ab4ce71c2caa4ccf1fb36845e1ff7",
                "sha256:57f0101e6c97b411f287a0b7cf5ebc4e5d3b18254bf926f45a11615d29475793",
                "sha256:5d387940f0f1a0adb3c44481aa379122d06df8486cc8f652a7b3b0caf08435f7",
                "sha256:5e8148c2ce4894ce7e5a4925d9d3fdce429fb0e821b5a8783573f3611933a251",
                "sha256:61da798c05a06a362a2f8c5e3ff0341743e2818d0f530eaac0d6898f1b187f1f",
                "sha256:64b48e2b609a6c22178a56c408ee1215a7206077ecb8a193e2fda31858b2362a",
                "sha256:662bf5ce3c9b1cef32a32a2f4debe00d2f4839fefbebe1d6956e681122a9c839",
                "sha256:6a497bc66b3374b7d105763d1d3de76d949287bf28969bff4656206ab8a53aa9",
                "sha256:6b64708009cfabd9c2211295144ff455ec7ceb4c4fb45a07a804309598f36187",
                "sha256:6c54f8d4c151c1de784c5b93dfbb872067e3414619e10e21e695f7bb84d1d1fd",
                "sha256:79577cc045d3442c4e845df53df9f9202546e2ba54954c057d253fc17cd16cb1",
                "sha256:7ce64d23d4e71d9698492479505674c5c5b92cda02b07c91dfc13633b2eef805",
                "sha256:8a148410fa0e971ba333358d11a6dea7b48e063de127c2b09ece9d1c1137dde4",
                "sha256:8b6350b68566bb6b164fb06a3772e878887f3c857c46c0c534788081cb48adf4",
                "sha256:90e85834f0370d737c77a386ce505c21b06bfe7086c1c568b70e15a568d9670d",
                "sha256:935b19fdcde236f4fbf691959fa5c3e2b6951fff132964e869e57c70f2ad1ba3",
                "sha256:98737c3ab5a2f8a85f2326eebcd214510f898881a290a7939a45ec294743c875",
                "sha256:9e3e4000cd54ef455694b8be9111ea20f66a686fc155feda1ecacf2322b115da",
                "sha256:a4973232c98b9b44c78b1233693e5e1938add5af18042f031737e1214455f9b8",
                "sha256:a621742da75ce272d64ea57bd7651ee2a115fa67c0f11d66d9dcfc18c2f1b106",
                "sha256:b6b73ab347284719f818acb14f7cd80696c6fdf1bd34feee1955d7a72d2e64ce",
                "sha256:b8460bc256bf0de821839aea6794bb38a4c0fbd48f949ea51093f6edce0be459",
                "sha256:b92893ebefc0151474f682e7debb6ab38552ce56a90e39a8834734c81f37c8a9",
                "sha256:c0501e1d12df6ab1211b8cad52d2f7b2cd81f8e8e776d39aa5e71e2998d0379f",
                "sha256:c1ba253eb5af8d89864073e6ce8e6c8dec5f49920cff61f38f5c3383e38b1c9f",
                "sha256:c261127c275d7bce50b26b26c7d8427dcb5c4803e840e913f8d9df3f99dca55f",
                "sha256:c677aa39ec737fec932feb68e4a2abe142682f2885558402602cd9746a1c92e8",
                "sha256:d356aa5b18ef5a24d8081f5c5beb67c0a2a6ff2a953ee38d65a2aa96526b274f",
                "sha256:db70c920cba9d05c69ad4a9e7f8e9e83011abb2c6490e561de9ae24aee44925c",
                "sha256:e23a97a6c2f2db88995496db9387cd1727acdacc85835ba8619dce826c0b11a6",
                "sha256:e622314542fb48542c09c7bd1ac51d71c5632dd3c92dc82ede6da233f55f4848",
                "sha256:e7f0cda108b36a30c8fc882e4fc5b7eec8ef584aa43aa43694c6a7b274fb2b56",
                "sha256:f198c8206640f4c0ef5a76b779241efb1380a300d88b1bce9bfe95a6362e674d",
                "sha256:f2f4a2305f15eff68f874766d982114ac89468f1c2c0b97640e719cf1a078374"
            ],
            "markers": "python_version >= '3.7'",
            "version": "==1.10.21"
        },
        "pymongo": {
            "hashes": [
                "sha256:00c918c5f17360ea02da4ef268f2573967ef453c5ccec0caac2545be95ef478e",
                "sha256:053e43722c0d76e5798abeb04f3a3ca69f8bdd10c3b56c6705fd72bf815dcbb8",
                "sha256:0be2192be8e6aebe5b0500a6e69d914cecea7567e895edee2d3069c0a2b171b7",
                "sha256:11846ba98179cb5bc9325748877501f558db30437cd2db2ba7643d728c16cbfa",
                "sha256:14aade4429997c3060e0df945344fc3bf7fb517253a2445017d9c86b100f4dbc",
                "sha256:29709285691102a2c678e65c3bcf6fd4c96e21d6753e6ec8f7ebe96e4c27ba98",
                "sha256:2af7665a9f566a696902e5d396a4bc0c096cc7a03d661aa67f64943488977ed5",
                "sha256:2e39fecf539d77a3a4fbd332d5e3f375a1ec9a7b2401d6f27aaf8af5a1fd23e2",
                "sha256:2eb9179252fa6a6ad98e912e821e9602e02a54a720eabc482e0394c5efcbbd09",
                "sha256:32863d54beae2b7d60bd33659c56e6b7a81e7d9082e1cd7cce62e8451a164ab8",
                "sha256:342dd65e89f6978ac56cb8e1692e72a6de00e6f9f212ff68464e9b54dbc4c431",
                "sha256:3e5328254fbe0aacdb9191ee76e5df1fa36778770f1fe8b99d8d9f51ce12a8c7",
                "sha256:3ee07a2eb48c583354ba13b9c0b9f904f22f0a7ab349e37852da3a85f3f5bf2a",
                "sha256:4c2d527443011cc1ff92752f0152e683184d30b1b95f758809efefdd6246dd3f",
                "sha256:5c44f44b48bdf793b30a83232b5abad2cda1d7c7dc3bbe9e4a952a8b3b4faad1",
                "sha256:5daad50a6ac1cbfe404dd68e9a39d6bb06c6891cb3fe73a5bdc9de2033278d15",
                "sha256:5e78419a8f23705a44d01901c14f830c5d38fe2b1d8853bc836b8d04117207a8",
                "sha256:5f0654f4eab9c72ddb912b0c393dcb6d66936d9e2141f057bb272477bbc8cf8e",
                "sha256:6bee9178d6b358a4cee1a13179779810fec5a5406cf0db41fdf0c065d90029e2",
                "sha256:6d6cb42c18ce1eee3577a6604a53d5e4e2e8c24b05e00c0749e5bc9220977431",
                "sha256:6ebd8096dadd5e6c067ac0afc98079bd58750020cf03fce97c67565352b38bff",
                "sha256:77455951881e438b6ffdf449b31c3af4b3ed6c6af208de3b9a719d5d444785b3",
                "sha256:77f618a29c02bcf824915144957e257f7d7329e8ffc1b804fd80a4e2e7b3b2c8",
                "sha256:7bd4358da17705c37f29594b799c9ca65b4b1eb17cb0c6696c591809cdd973f2",
                "sha256:7e5cd2c837a2ee21e6f0a2da44eba44be1718b7db0893c0148caa309b0388790",
                "sha256:805b18b615ccf23b6fb2ca815f5580085b53acb8700c017bd873e781e90caf89",
                "sha256:8aed3e58a6714aaed324e56723e9f510032ad0f7756430f4484269f4e33e32f5",
                "sha256:8f8222022357cbba9c024535816200abfd74fb0b7356afc13ce1533515b625af",
                "sha256:8f9fa8dbe724306f7126497aa8adf1975203117143de2caf4edacb18aa83270f",
                "sha256:9052cf74602b368e8cc042e5bee181ff9179dd473d05319c6bdaf602c76bb173",
                "sha256:926bc4792396b6c4da40fd7874921564e69b75c2028833318271bed808f4493a",
                "sha256:992549d1022ea2d8e7f93ece8191ab1f84dfe157dcfa043b259d9743ee3188ad",
                "sha256:a0bc2a32763b6fb76ce701b270d88a3939994d76e64088822e7dc2a8d6a69926",
                "sha256:ab1a1b82b28d9ddeff93351f2e9e803ca78258e447c13c500294780eb2665a03",
                "sha256:ab5a3c39bb6a84bf38149a4f9db51e55686827236af96cab17c65f8346b3c1e3",
                "sha256:adf638404fb96ddf0b2ec07df7279ea709d1e05150e527cc98b23fd0db8c3fec",
                "sha256:b2fb1f0c08929dc48f147010a679a0ef2b7561fcb616a793fa47ab8b10677334",
                "sha256:b65cc36d8ef2dfb567a00a81ad16b7ef1989d3092367aff24fab027be7168cc8",
                "sha256:b751458ccd52fc84970ae8d4d354a781bcaac244ad957c635ff70b067f160d41",
                "sha256:ba90eb88e604778b767d82ff5165de4ac5135b93c32a6931c77ee17bba6a8daf",
                "sha256:bb76c604e834e2dbb2e3675b298e0ff01e56cd3c36ccc7d01fafbc326be0d48a",
                "sha256:c906365c12375f3b4eb03b8dda71711cfe0670272d98a47c15eb8d311b03351d",
                "sha256:caeff0cd9e78dd6d7ebb961bdbdf68b2ed63432157e7115d669a21fb534f656f",
                "sha256:d5b5e30587e532906bd6dd1cadab374cfa72c211419e56ebe125ee1fb01bd110",
                "sha256:d83fff3c453f55c57f6a9cccabe2578ca97d7a6378006242f56fc7f1c34f1361",
                "sha256:d89af24652dc43c109cb2839ec6ea0e60b9d19301b05d3f8fa1ebdba9e95a1ee",
                "sha256:d9f74a5cf3fccdb72211e33e07a6c05ac09cd0d7c99d21db5c2473fcfdd03152",
                "sha256:dc86d4a127a43d27bef9be4f1e501847ecf8e0d530c58c34967dcbf3bf1a9fff",
                "sha256:df72eeef20c9246eeda9adfa90b4a0e3208be5b840850e22da599f95fc8048f6",
                "sha256:dfd34fe5ce934c359def945a23925f42735e384423db6fd847bc9205661644d4",
                "sha256:e1015c5689b3013c69802d80ef661c8c094d83d0342a68d45ced52c53f412f29",
                "sha256:e22d581aed962822dfeee601251101957f53688101af0c0dfc7180f55285c681",
                "sha256:e23d9b5e8d2dfc3ac0540966e93008e471345ec9a2797b77be551e64b70fc8ee",
                "sha256:e576d4bf8e27cdcdbe17a2e78a3e96e16ea443c3ac46e722b3a814b0c9ce7ab5",
                "sha256:ecf325f31bf8be70ec5cab50b45a8e09acf3952d693215acac965cecaeb6b58d",
                "sha256:fb983976e606d970d08af6c74de2e462a0e795e47360df67fe1fd85146a813a2",
                "sha256:ff17fcb5184f9511cf49b8a62f8f038555c3a07406f4944a8afd614a3d23bbfa"
            ],
            "markers": "python_version >= '3.9'",
            "version": "==4.12.0"
        },
        "starlette": {
            "hashes": [
                "sha256:3c8e48e52736b3161e34c9f0e8153b4f32ec5d8995a3ee1d59410d92f75162ed",
                "sha256:7d49f4a27f8742262ef1470608c59ddbc66baf37c148e938c7038e6bc7a998aa"
            ],
            "markers": "python_version >= '3.6'",
            "version": "==0.14.2"
        },
        "typing-extensions": {
            "hashes": [
                "sha256:a439e7c04b49fec3e5d3e2beaa21755cadbbdc391694e28ccdd36ca4a1408f8c",
                "sha256:e6c81219bd689f51865d9e372991c540bda33a0379d5573cddb9a3a23f7caaef"
            ],
            "markers": "python_version >= '3.8'",
            "version": "==4.13.2"
        },
        "uvicorn": {
            "hashes": [
                "sha256:6dddbad1d7ee0f5140aba5ec138ddc9612c5109399903828b4874c9937f009c2",
                "sha256:ce107f5d9bd02b4636001a77a4e74aab5e1e2b146868ebbad565237145af444c"
            ],
            "index": "pypi",
            "markers": "python_version >= '3.8'",
            "version": "==0.25.0"
        }
    },
    "develop": {}
}
